// !$*UTF8*$!
{
	archiveVersion = 1;
	classes = {
	};
	objectVersion = 56;
	objects = {

/* Begin PBXBuildFile section */
		7159D8E62B687125005212BE /* tevitoApp.swift in Sources */ = {isa = PBXBuildFile; fileRef = 7159D8E52B687125005212BE /* tevitoApp.swift */; };
		7159D8EC2B687126005212BE /* Assets.xcassets in Resources */ = {isa = PBXBuildFile; fileRef = 7159D8EB2B687126005212BE /* Assets.xcassets */; };
		7159D8EF2B687126005212BE /* Preview Assets.xcassets in Resources */ = {isa = PBXBuildFile; fileRef = 7159D8EE2B687126005212BE /* Preview Assets.xcassets */; };
		71D4C9302DB2C43B00C30739 /* ContentView.swift in Sources */ = {isa = PBXBuildFile; fileRef = 71D4C92D2DB2C43B00C30739 /* ContentView.swift */; };
		71D4C94B2DB2C45700C30739 /* HomeView.swift in Sources */ = {isa = PBXBuildFile; fileRef = 71D4C9372DB2C45700C30739 /* HomeView.swift */; };
		71D4C94C2DB2C45700C30739 /* Video.swift in Sources */ = {isa = PBXBuildFile; fileRef = 71D4C9402DB2C45700C30739 /* Video.swift */; };
		71D4C94D2DB2C45700C30739 /* PlayerView.swift in Sources */ = {isa = PBXBuildFile; fileRef = 71D4C9432DB2C45700C30739 /* PlayerView.swift */; };
		71D4C94E2DB2C45700C30739 /* VideoDetailView.swift in Sources */ = {isa = PBXBuildFile; fileRef = 71D4C9442DB2C45700C30739 /* VideoDetailView.swift */; };
		71D4C94F2DB2C45700C30739 /* NewsItem.swift in Sources */ = {isa = PBXBuildFile; fileRef = 71D4C93A2DB2C45700C30739 /* NewsItem.swift */; };
		71D4C9502DB2C45700C30739 /* NewsView.swift in Sources */ = {isa = PBXBuildFile; fileRef = 71D4C93D2DB2C45700C30739 /* NewsView.swift */; };
		71D4C9512DB2C45700C30739 /* SettingsView.swift in Sources */ = {isa = PBXBuildFile; fileRef = 71D4C9472DB2C45700C30739 /* SettingsView.swift */; };
		71D4C9542DB2C57300C30739 /* NewsViewModel.swift in Sources */ = {isa = PBXBuildFile; fileRef = 71D4C9532DB2C57300C30739 /* NewsViewModel.swift */; };
		71D4C9572DB2C58D00C30739 /* PlayerViewModel.swift in Sources */ = {isa = PBXBuildFile; fileRef = 71D4C9552DB2C58D00C30739 /* PlayerViewModel.swift */; };
/* End PBXBuildFile section */

/* Begin PBXFileReference section */
		7159D8E22B687125005212BE /* tevito.app */ = {isa = PBXFileReference; explicitFileType = wrapper.application; includeInIndex = 0; path = tevito.app; sourceTree = BUILT_PRODUCTS_DIR; };
		7159D8E52B687125005212BE /* tevitoApp.swift */ = {isa = PBXFileReference; lastKnownFileType = sourcecode.swift; path = tevitoApp.swift; sourceTree = "<group>"; };
		7159D8EB2B687126005212BE /* Assets.xcassets */ = {isa = PBXFileReference; lastKnownFileType = folder.assetcatalog; path = Assets.xcassets; sourceTree = "<group>"; };
		7159D8EE2B687126005212BE /* Preview Assets.xcassets */ = {isa = PBXFileReference; lastKnownFileType = folder.assetcatalog; path = "Preview Assets.xcassets"; sourceTree = "<group>"; };
		71D4C92D2DB2C43B00C30739 /* ContentView.swift */ = {isa = PBXFileReference; lastKnownFileType = sourcecode.swift; path = ContentView.swift; sourceTree = "<group>"; };
		71D4C9372DB2C45700C30739 /* HomeView.swift */ = {isa = PBXFileReference; lastKnownFileType = sourcecode.swift; path = HomeView.swift; sourceTree = "<group>"; };
		71D4C93A2DB2C45700C30739 /* NewsItem.swift */ = {isa = PBXFileReference; lastKnownFileType = sourcecode.swift; path = NewsItem.swift; sourceTree = "<group>"; };
		71D4C93D2DB2C45700C30739 /* NewsView.swift */ = {isa = PBXFileReference; lastKnownFileType = sourcecode.swift; path = NewsView.swift; sourceTree = "<group>"; };
		71D4C9402DB2C45700C30739 /* Video.swift */ = {isa = PBXFileReference; lastKnownFileType = sourcecode.swift; path = Video.swift; sourceTree = "<group>"; };
		71D4C9432DB2C45700C30739 /* PlayerView.swift */ = {isa = PBXFileReference; lastKnownFileType = sourcecode.swift; path = PlayerView.swift; sourceTree = "<group>"; };
		71D4C9442DB2C45700C30739 /* VideoDetailView.swift */ = {isa = PBXFileReference; lastKnownFileType = sourcecode.swift; path = VideoDetailView.swift; sourceTree = "<group>"; };
		71D4C9472DB2C45700C30739 /* SettingsView.swift */ = {isa = PBXFileReference; lastKnownFileType = sourcecode.swift; path = SettingsView.swift; sourceTree = "<group>"; };
		71D4C9532DB2C57300C30739 /* NewsViewModel.swift */ = {isa = PBXFileReference; lastKnownFileType = sourcecode.swift; path = NewsViewModel.swift; sourceTree = "<group>"; };
		71D4C9552DB2C58D00C30739 /* PlayerViewModel.swift */ = {isa = PBXFileReference; lastKnownFileType = sourcecode.swift; path = PlayerViewModel.swift; sourceTree = "<group>"; };
/* End PBXFileReference section */

/* Begin PBXFrameworksBuildPhase section */
		7159D8DF2B687125005212BE /* Frameworks */ = {
			isa = PBXFrameworksBuildPhase;
			buildActionMask = 2147483647;
			files = (
			);
			runOnlyForDeploymentPostprocessing = 0;
		};
/* End PBXFrameworksBuildPhase section */

/* Begin PBXGroup section */
		7159D8D92B687125005212BE = {
			isa = PBXGroup;
			children = (
				7159D8E42B687125005212BE /* tevito */,
				7159D8E32B687125005212BE /* Products */,
			);
			sourceTree = "<group>";
		};
		7159D8E32B687125005212BE /* Products */ = {
			isa = PBXGroup;
			children = (
				7159D8E22B687125005212BE /* tevito.app */,
			);
			name = Products;
			sourceTree = "<group>";
		};
		7159D8E42B687125005212BE /* tevito */ = {
			isa = PBXGroup;
			children = (
				7159D8E52B687125005212BE /* tevitoApp.swift */,
				7159D8EB2B687126005212BE /* Assets.xcassets */,
				7159D8ED2B687126005212BE /* Preview Content */,
				71D4C92F2DB2C43B00C30739 /* App */,
				71D4C9322DB2C44A00C30739 /* Core */,
				71D4C94A2DB2C45700C30739 /* Features */,
				71D4C9522DB2C45C00C30739 /* Services */,
			);
			path = tevito;
			sourceTree = "<group>";
		};
		7159D8ED2B687126005212BE /* Preview Content */ = {
			isa = PBXGroup;
			children = (
				7159D8EE2B687126005212BE /* Preview Assets.xcassets */,
			);
			path = "Preview Content";
			sourceTree = "<group>";
		};
		71D4C92E2DB2C43B00C30739 /* Views */ = {
			isa = PBXGroup;
			children = (
				71D4C92D2DB2C43B00C30739 /* ContentView.swift */,
			);
			path = Views;
			sourceTree = "<group>";
		};
		71D4C92F2DB2C43B00C30739 /* App */ = {
			isa = PBXGroup;
			children = (
				71D4C92E2DB2C43B00C30739 /* Views */,
			);
			path = App;
			sourceTree = "<group>";
		};
		71D4C9312DB2C44A00C30739 /* Navigation */ = {
			isa = PBXGroup;
			children = (
			);
			path = Navigation;
			sourceTree = "<group>";
		};
		71D4C9322DB2C44A00C30739 /* Core */ = {
			isa = PBXGroup;
			children = (
				71D4C9312DB2C44A00C30739 /* Navigation */,
			);
			path = Core;
			sourceTree = "<group>";
		};
		71D4C9332DB2C45700C30739 /* Models */ = {
			isa = PBXGroup;
			children = (
			);
			path = Models;
			sourceTree = "<group>";
		};
		71D4C9342DB2C45700C30739 /* ViewModels */ = {
			isa = PBXGroup;
			children = (
			);
			path = ViewModels;
			sourceTree = "<group>";
		};
		71D4C9352DB2C45700C30739 /* Views */ = {
			isa = PBXGroup;
			children = (
			);
			path = Views;
			sourceTree = "<group>";
		};
		71D4C9362DB2C45700C30739 /* Dashboard */ = {
			isa = PBXGroup;
			children = (
				71D4C9332DB2C45700C30739 /* Models */,
				71D4C9342DB2C45700C30739 /* ViewModels */,
				71D4C9352DB2C45700C30739 /* Views */,
			);
			path = Dashboard;
			sourceTree = "<group>";
		};
		71D4C9382DB2C45700C30739 /* Views */ = {
			isa = PBXGroup;
			children = (
				71D4C9372DB2C45700C30739 /* HomeView.swift */,
			);
			path = Views;
			sourceTree = "<group>";
		};
		71D4C9392DB2C45700C30739 /* Home */ = {
			isa = PBXGroup;
			children = (
				71D4C9382DB2C45700C30739 /* Views */,
			);
			path = Home;
			sourceTree = "<group>";
		};
		71D4C93B2DB2C45700C30739 /* Models */ = {
			isa = PBXGroup;
			children = (
				71D4C93A2DB2C45700C30739 /* NewsItem.swift */,
			);
			path = Models;
			sourceTree = "<group>";
		};
		71D4C93C2DB2C45700C30739 /* ViewModels */ = {
			isa = PBXGroup;
			children = (
				71D4C9532DB2C57300C30739 /* NewsViewModel.swift */,
			);
			path = ViewModels;
			sourceTree = "<group>";
		};
		71D4C93E2DB2C45700C30739 /* Views */ = {
			isa = PBXGroup;
			children = (
				71D4C93D2DB2C45700C30739 /* NewsView.swift */,
			);
			path = Views;
			sourceTree = "<group>";
		};
		71D4C93F2DB2C45700C30739 /* News */ = {
			isa = PBXGroup;
			children = (
				71D4C93B2DB2C45700C30739 /* Models */,
				71D4C93C2DB2C45700C30739 /* ViewModels */,
				71D4C93E2DB2C45700C30739 /* Views */,
			);
			path = News;
			sourceTree = "<group>";
		};
		71D4C9412DB2C45700C30739 /* Models */ = {
			isa = PBXGroup;
			children = (
				71D4C9402DB2C45700C30739 /* Video.swift */,
			);
			path = Models;
			sourceTree = "<group>";
		};
		71D4C9422DB2C45700C30739 /* Services */ = {
			isa = PBXGroup;
			children = (
			);
			path = Services;
			sourceTree = "<group>";
		};
		71D4C9452DB2C45700C30739 /* Views */ = {
			isa = PBXGroup;
			children = (
				71D4C9432DB2C45700C30739 /* PlayerView.swift */,
				71D4C9442DB2C45700C30739 /* VideoDetailView.swift */,
			);
			path = Views;
			sourceTree = "<group>";
		};
		71D4C9462DB2C45700C30739 /* Player */ = {
			isa = PBXGroup;
			children = (
				71D4C9412DB2C45700C30739 /* Models */,
				71D4C9422DB2C45700C30739 /* Services */,
				71D4C9452DB2C45700C30739 /* Views */,
				71D4C9562DB2C58D00C30739 /* ViewModels */,
			);
			path = Player;
			sourceTree = "<group>";
		};
		71D4C9482DB2C45700C30739 /* Views */ = {
			isa = PBXGroup;
			children = (
				71D4C9472DB2C45700C30739 /* SettingsView.swift */,
			);
			path = Views;
			sourceTree = "<group>";
		};
		71D4C9492DB2C45700C30739 /* Settings */ = {
			isa = PBXGroup;
			children = (
				71D4C9482DB2C45700C30739 /* Views */,
			);
			path = Settings;
			sourceTree = "<group>";
		};
		71D4C94A2DB2C45700C30739 /* Features */ = {
			isa = PBXGroup;
			children = (
				71D4C9362DB2C45700C30739 /* Dashboard */,
				71D4C9392DB2C45700C30739 /* Home */,
				71D4C93F2DB2C45700C30739 /* News */,
				71D4C9462DB2C45700C30739 /* Player */,
				71D4C9492DB2C45700C30739 /* Settings */,
			);
			path = Features;
			sourceTree = "<group>";
		};
		71D4C9522DB2C45C00C30739 /* Services */ = {
			isa = PBXGroup;
			children = (
			);
			path = Services;
			sourceTree = "<group>";
		};
		71D4C9562DB2C58D00C30739 /* ViewModels */ = {
			isa = PBXGroup;
			children = (
				71D4C9552DB2C58D00C30739 /* PlayerViewModel.swift */,
			);
			path = ViewModels;
			sourceTree = "<group>";
		};
/* End PBXGroup section */

/* Begin PBXNativeTarget section */
		7159D8E12B687125005212BE /* tevito */ = {
			isa = PBXNativeTarget;
			buildConfigurationList = 7159D8F22B687126005212BE /* Build configuration list for PBXNativeTarget "tevito" */;
			buildPhases = (
				7159D8DE2B687125005212BE /* Sources */,
				7159D8DF2B687125005212BE /* Frameworks */,
				7159D8E02B687125005212BE /* Resources */,
			);
			buildRules = (
			);
			dependencies = (
			);
			name = tevito;
			productName = tevito;
			productReference = 7159D8E22B687125005212BE /* tevito.app */;
			productType = "com.apple.product-type.application";
		};
/* End PBXNativeTarget section */

/* Begin PBXProject section */
		7159D8DA2B687125005212BE /* Project object */ = {
			isa = PBXProject;
			attributes = {
				BuildIndependentTargetsInParallel = 1;
				LastSwiftUpdateCheck = 1520;
				LastUpgradeCheck = 1520;
				TargetAttributes = {
					7159D8E12B687125005212BE = {
						CreatedOnToolsVersion = 15.2;
					};
				};
			};
			buildConfigurationList = 7159D8DD2B687125005212BE /* Build configuration list for PBXProject "tevito" */;
			compatibilityVersion = "Xcode 14.0";
			developmentRegion = en;
			hasScannedForEncodings = 0;
			knownRegions = (
				en,
				Base,
			);
			mainGroup = 7159D8D92B687125005212BE;
			productRefGroup = 7159D8E32B687125005212BE /* Products */;
			projectDirPath = "";
			projectRoot = "";
			targets = (
				7159D8E12B687125005212BE /* tevito */,
			);
		};
/* End PBXProject section */

/* Begin PBXResourcesBuildPhase section */
		7159D8E02B687125005212BE /* Resources */ = {
			isa = PBXResourcesBuildPhase;
			buildActionMask = 2147483647;
			files = (
				7159D8EF2B687126005212BE /* Preview Assets.xcassets in Resources */,
				7159D8EC2B687126005212BE /* Assets.xcassets in Resources */,
			);
			runOnlyForDeploymentPostprocessing = 0;
		};
/* End PBXResourcesBuildPhase section */

/* Begin PBXSourcesBuildPhase section */
		7159D8DE2B687125005212BE /* Sources */ = {
			isa = PBXSourcesBuildPhase;
			buildActionMask = 2147483647;
			files = (
				71D4C94B2DB2C45700C30739 /* HomeView.swift in Sources */,
				71D4C94C2DB2C45700C30739 /* Video.swift in Sources */,
				71D4C94D2DB2C45700C30739 /* PlayerView.swift in Sources */,
				71D4C94E2DB2C45700C30739 /* VideoDetailView.swift in Sources */,
				71D4C94F2DB2C45700C30739 /* NewsItem.swift in Sources */,
				71D4C9502DB2C45700C30739 /* NewsView.swift in Sources */,
				71D4C9512DB2C45700C30739 /* SettingsView.swift in Sources */,
				71D4C9542DB2C57300C30739 /* NewsViewModel.swift in Sources */,
				71D4C9302DB2C43B00C30739 /* ContentView.swift in Sources */,
				7159D8E62B687125005212BE /* tevitoApp.swift in Sources */,
				71D4C9572DB2C58D00C30739 /* PlayerViewModel.swift in Sources */,
			);
			runOnlyForDeploymentPostprocessing = 0;
		};
/* End PBXSourcesBuildPhase section */

/* Begin XCBuildConfiguration section */
		7159D8F02B687126005212BE /* Debug */ = {
			isa = XCBuildConfiguration;
			buildSettings = {
				ALWAYS_SEARCH_USER_PATHS = NO;
				ASSETCATALOG_COMPILER_GENERATE_SWIFT_ASSET_SYMBOL_EXTENSIONS = YES;
				CLANG_ANALYZER_NONNULL = YES;
				CLANG_ANALYZER_NUMBER_OBJECT_CONVERSION = YES_AGGRESSIVE;
				CLANG_CXX_LANGUAGE_STANDARD = "gnu++20";
				CLANG_ENABLE_MODULES = YES;
				CLANG_ENABLE_OBJC_ARC = YES;
				CLANG_ENABLE_OBJC_WEAK = YES;
				CLANG_WARN_BLOCK_CAPTURE_AUTORELEASING = YES;
				CLANG_WARN_BOOL_CONVERSION = YES;
				CLANG_WARN_COMMA = YES;
				CLANG_WARN_CONSTANT_CONVERSION = YES;
				CLANG_WARN_DEPRECATED_OBJC_IMPLEMENTATIONS = YES;
				CLANG_WARN_DIRECT_OBJC_ISA_USAGE = YES_ERROR;
				CLANG_WARN_DOCUMENTATION_COMMENTS = YES;
				CLANG_WARN_EMPTY_BODY = YES;
				CLANG_WARN_ENUM_CONVERSION = YES;
				CLANG_WARN_INFINITE_RECURSION = YES;
				CLANG_WARN_INT_CONVERSION = YES;
				CLANG_WARN_NON_LITERAL_NULL_CONVERSION = YES;
				CLANG_WARN_OBJC_IMPLICIT_RETAIN_SELF = YES;
				CLANG_WARN_OBJC_LITERAL_CONVERSION = YES;
				CLANG_WARN_OBJC_ROOT_CLASS = YES_ERROR;
				CLANG_WARN_QUOTED_INCLUDE_IN_FRAMEWORK_HEADER = YES;
				CLANG_WARN_RANGE_LOOP_ANALYSIS = YES;
				CLANG_WARN_STRICT_PROTOTYPES = YES;
				CLANG_WARN_SUSPICIOUS_MOVE = YES;
				CLANG_WARN_UNGUARDED_AVAILABILITY = YES_AGGRESSIVE;
				CLANG_WARN_UNREACHABLE_CODE = YES;
				CLANG_WARN__DUPLICATE_METHOD_MATCH = YES;
				COPY_PHASE_STRIP = NO;
				DEBUG_INFORMATION_FORMAT = dwarf;
				ENABLE_STRICT_OBJC_MSGSEND = YES;
				ENABLE_TESTABILITY = YES;
				ENABLE_USER_SCRIPT_SANDBOXING = YES;
				GCC_C_LANGUAGE_STANDARD = gnu17;
				GCC_DYNAMIC_NO_PIC = NO;
				GCC_NO_COMMON_BLOCKS = YES;
				GCC_OPTIMIZATION_LEVEL = 0;
				GCC_PREPROCESSOR_DEFINITIONS = (
					"DEBUG=1",
					"$(inherited)",
				);
				GCC_WARN_64_TO_32_BIT_CONVERSION = YES;
				GCC_WARN_ABOUT_RETURN_TYPE = YES_ERROR;
				GCC_WARN_UNDECLARED_SELECTOR = YES;
				GCC_WARN_UNINITIALIZED_AUTOS = YES_AGGRESSIVE;
				GCC_WARN_UNUSED_FUNCTION = YES;
				GCC_WARN_UNUSED_VARIABLE = YES;
				LOCALIZATION_PREFERS_STRING_CATALOGS = YES;
				MTL_ENABLE_DEBUG_INFO = INCLUDE_SOURCE;
				MTL_FAST_MATH = YES;
				ONLY_ACTIVE_ARCH = YES;
				SDKROOT = appletvos;
				SWIFT_ACTIVE_COMPILATION_CONDITIONS = "DEBUG $(inherited)";
				SWIFT_OPTIMIZATION_LEVEL = "-Onone";
				TVOS_DEPLOYMENT_TARGET = 17.2;
			};
			name = Debug;
		};
		7159D8F12B687126005212BE /* Release */ = {
			isa = XCBuildConfiguration;
			buildSettings = {
				ALWAYS_SEARCH_USER_PATHS = NO;
				ASSETCATALOG_COMPILER_GENERATE_SWIFT_ASSET_SYMBOL_EXTENSIONS = YES;
				CLANG_ANALYZER_NONNULL = YES;
				CLANG_ANALYZER_NUMBER_OBJECT_CONVERSION = YES_AGGRESSIVE;
				CLANG_CXX_LANGUAGE_STANDARD = "gnu++20";
				CLANG_ENABLE_MODULES = YES;
				CLANG_ENABLE_OBJC_ARC = YES;
				CLANG_ENABLE_OBJC_WEAK = YES;
				CLANG_WARN_BLOCK_CAPTURE_AUTORELEASING = YES;
				CLANG_WARN_BOOL_CONVERSION = YES;
				CLANG_WARN_COMMA = YES;
				CLANG_WARN_CONSTANT_CONVERSION = YES;
				CLANG_WARN_DEPRECATED_OBJC_IMPLEMENTATIONS = YES;
				CLANG_WARN_DIRECT_OBJC_ISA_USAGE = YES_ERROR;
				CLANG_WARN_DOCUMENTATION_COMMENTS = YES;
				CLANG_WARN_EMPTY_BODY = YES;
				CLANG_WARN_ENUM_CONVERSION = YES;
				CLANG_WARN_INFINITE_RECURSION = YES;
				CLANG_WARN_INT_CONVERSION = YES;
				CLANG_WARN_NON_LITERAL_NULL_CONVERSION = YES;
				CLANG_WARN_OBJC_IMPLICIT_RETAIN_SELF = YES;
				CLANG_WARN_OBJC_LITERAL_CONVERSION = YES;
				CLANG_WARN_OBJC_ROOT_CLASS = YES_ERROR;
				CLANG_WARN_QUOTED_INCLUDE_IN_FRAMEWORK_HEADER = YES;
				CLANG_WARN_RANGE_LOOP_ANALYSIS = YES;
				CLANG_WARN_STRICT_PROTOTYPES = YES;
				CLANG_WARN_SUSPICIOUS_MOVE = YES;
				CLANG_WARN_UNGUARDED_AVAILABILITY = YES_AGGRESSIVE;
				CLANG_WARN_UNREACHABLE_CODE = YES;
				CLANG_WARN__DUPLICATE_METHOD_MATCH = YES;
				COPY_PHASE_STRIP = NO;
				DEBUG_INFORMATION_FORMAT = "dwarf-with-dsym";
				ENABLE_NS_ASSERTIONS = NO;
				ENABLE_STRICT_OBJC_MSGSEND = YES;
				ENABLE_USER_SCRIPT_SANDBOXING = YES;
				GCC_C_LANGUAGE_STANDARD = gnu17;
				GCC_NO_COMMON_BLOCKS = YES;
				GCC_WARN_64_TO_32_BIT_CONVERSION = YES;
				GCC_WARN_ABOUT_RETURN_TYPE = YES_ERROR;
				GCC_WARN_UNDECLARED_SELECTOR = YES;
				GCC_WARN_UNINITIALIZED_AUTOS = YES_AGGRESSIVE;
				GCC_WARN_UNUSED_FUNCTION = YES;
				GCC_WARN_UNUSED_VARIABLE = YES;
				LOCALIZATION_PREFERS_STRING_CATALOGS = YES;
				MTL_ENABLE_DEBUG_INFO = NO;
				MTL_FAST_MATH = YES;
				SDKROOT = appletvos;
				SWIFT_COMPILATION_MODE = wholemodule;
				TVOS_DEPLOYMENT_TARGET = 17.2;
				VALIDATE_PRODUCT = YES;
			};
			name = Release;
		};
		7159D8F32B687126005212BE /* Debug */ = {
			isa = XCBuildConfiguration;
			buildSettings = {
				ASSETCATALOG_COMPILER_APPICON_NAME = "App Icon & Top Shelf Image";
				ASSETCATALOG_COMPILER_GLOBAL_ACCENT_COLOR_NAME = AccentColor;
				CODE_SIGN_STYLE = Automatic;
				CURRENT_PROJECT_VERSION = 1;
				DEVELOPMENT_ASSET_PATHS = "\"tevito/Preview Content\"";
				DEVELOPMENT_TEAM = N32N2U54JS;
				ENABLE_PREVIEWS = YES;
				GENERATE_INFOPLIST_FILE = YES;
				INFOPLIST_KEY_CFBundleDisplayName = Tevito;
				INFOPLIST_KEY_UILaunchScreen_Generation = YES;
				INFOPLIST_KEY_UIUserInterfaceStyle = Automatic;
				LD_RUNPATH_SEARCH_PATHS = (
					"$(inherited)",
					"@executable_path/Frameworks",
				);
				MARKETING_VERSION = 1.0;
				PRODUCT_BUNDLE_IDENTIFIER = com.gaulatti.tevito;
				PRODUCT_NAME = "$(TARGET_NAME)";
				SWIFT_EMIT_LOC_STRINGS = YES;
				SWIFT_VERSION = 5.0;
				TARGETED_DEVICE_FAMILY = 3;
			};
			name = Debug;
		};
		7159D8F42B687126005212BE /* Release */ = {
			isa = XCBuildConfiguration;
			buildSettings = {
				ASSETCATALOG_COMPILER_APPICON_NAME = "App Icon & Top Shelf Image";
				ASSETCATALOG_COMPILER_GLOBAL_ACCENT_COLOR_NAME = AccentColor;
				CODE_SIGN_STYLE = Automatic;
				CURRENT_PROJECT_VERSION = 1;
				DEVELOPMENT_ASSET_PATHS = "\"tevito/Preview Content\"";
				DEVELOPMENT_TEAM = N32N2U54JS;
				ENABLE_PREVIEWS = YES;
				GENERATE_INFOPLIST_FILE = YES;
				INFOPLIST_KEY_CFBundleDisplayName = Tevito;
				INFOPLIST_KEY_UILaunchScreen_Generation = YES;
				INFOPLIST_KEY_UIUserInterfaceStyle = Automatic;
				LD_RUNPATH_SEARCH_PATHS = (
					"$(inherited)",
					"@executable_path/Frameworks",
				);
				MARKETING_VERSION = 1.0;
				PRODUCT_BUNDLE_IDENTIFIER = com.gaulatti.tevito;
				PRODUCT_NAME = "$(TARGET_NAME)";
				SWIFT_EMIT_LOC_STRINGS = YES;
				SWIFT_VERSION = 5.0;
				TARGETED_DEVICE_FAMILY = 3;
			};
			name = Release;
		};
/* End XCBuildConfiguration section */

/* Begin XCConfigurationList section */
		7159D8DD2B687125005212BE /* Build configuration list for PBXProject "tevito" */ = {
			isa = XCConfigurationList;
			buildConfigurations = (
				7159D8F02B687126005212BE /* Debug */,
				7159D8F12B687126005212BE /* Release */,
			);
			defaultConfigurationIsVisible = 0;
			defaultConfigurationName = Release;
		};
		7159D8F22B687126005212BE /* Build configuration list for PBXNativeTarget "tevito" */ = {
			isa = XCConfigurationList;
			buildConfigurations = (
				7159D8F32B687126005212BE /* Debug */,
				7159D8F42B687126005212BE /* Release */,
			);
			defaultConfigurationIsVisible = 0;
			defaultConfigurationName = Release;
		};
/* End XCConfigurationList section */
	};
	rootObject = 7159D8DA2B687125005212BE /* Project object */;
}
